# DO NOT EDIT MANUALLY - Managed by Fern Replay
version: "1.0"
generations:
  - commit_sha: 36ef7a1c35b8b6f4614d1095dae12b8328832a89
    tree_hash: ff6c7f6dca046cfe71ff8d197ce03fd3f3cefccd
    timestamp: 2026-07-28T21:28:05.428Z
    cli_version: unknown
    generator_versions: {}
  - commit_sha: a7d57c567987a6cfead733b64cd20d025c4ea593
    tree_hash: 536ce8a8b7d3e46a6e3b82f36938c3518c6594e9
    timestamp: 2026-07-28T21:28:05.773Z
    cli_version: unknown
    generator_versions:
      fernapi/fern-python-sdk: 4.25.5
  - commit_sha: 06329e0a67f5396af716b0f9065bf54ff9b4e613
    tree_hash: f736bb9cd3ec813048fa6bdc02e54e1f974fb959
    timestamp: 2026-08-04T17:50:26.852Z
    cli_version: unknown
    generator_versions:
      fernapi/fern-python-sdk: 4.25.5
  - commit_sha: 8a3fb853912eadd78157bed5f9811ae936e834a8
    tree_hash: a5aa6b923d390b275f7e12ca55ba9b44d0689ffd
    timestamp: 2026-08-11T20:04:50.130Z
    cli_version: unknown
    generator_versions:
      fernapi/fern-python-sdk: 4.25.5
current_generation: 8a3fb853912eadd78157bed5f9811ae936e834a8
patches: []
