# DO NOT EDIT MANUALLY - Managed by Fern Replay
version: "1.0"
generations:
  - commit_sha: 36ef7a1c35b8b6f4614d1095dae12b8328832a89
    tree_hash: ff6c7f6dca046cfe71ff8d197ce03fd3f3cefccd
    timestamp: 2026-07-28T00:13:10.063Z
    cli_version: unknown
    generator_versions: {}
  - commit_sha: e31cb4631a558836f5f7aa5350d267f49e80d290
    tree_hash: b6c5c150c9a5d8ef293d2fd2e430080cb6e35c19
    timestamp: 2026-07-28T00:13:10.319Z
    cli_version: unknown
    generator_versions:
      fernapi/fern-python-sdk: 4.25.5
current_generation: e31cb4631a558836f5f7aa5350d267f49e80d290
patches: []
