# DO NOT EDIT MANUALLY - Managed by Fern Replay
version: "1.0"
generations:
  - commit_sha: 3878685b73f64065ae4c08c610276a2ad7b88778
    tree_hash: 7fbefd346835410c641ce62328a4df49e2cf5e44
    timestamp: 2026-08-25T01:02:36.142Z
    cli_version: unknown
    generator_versions: {}
  - commit_sha: 4b08aded337c7d920cb1830aef5f87a689c314c2
    tree_hash: 1f06aa8290a45ceda4853990354ddb0c793a81b3
    timestamp: 2026-08-25T01:02:36.712Z
    cli_version: unknown
    generator_versions:
      fernapi/fern-python-sdk: 4.64.1
  - commit_sha: 6c31f55ae0a835df34278bf28c57bd22f6398198
    tree_hash: 23c90df9b8a1c47fa2bab593ee14dac38bcaa45d
    timestamp: 2026-08-25T01:51:15.239Z
    cli_version: unknown
    generator_versions:
      fernapi/fern-python-sdk: 4.64.1
current_generation: 6c31f55ae0a835df34278bf28c57bd22f6398198
patches: []
